
Microsoft Visual Studio Solution File, Format Version 12.00
# Visual Studio 15
VisualStudioVersion = 15.0.28010.0
MinimumVisualStudioVersion = 10.0.40219.1
Project("{FAE04EC0-301F-11D3-BF4B-00C04F79EFBC}") = "TempConverter", "TempConverter\TempConverter.csproj", "{44E2C9A5-21AB-497E-B6EA-9803D32F646A}"
EndProject
Project("{FAE04EC0-301F-11D3-BF4B-00C04F79EFBC}") = "TempConverter.Business", "TempConverter.Business\TempConverter.Business.csproj", "{F00DE6E5-D5E4-4D74-8ECE-51750666BB2D}"
EndProject
Global
	GlobalSection(SolutionConfigurationPlatforms) = preSolution
		Debug|Any CPU = Debug|Any CPU
		Release|Any CPU = Release|Any CPU
	EndGlobalSection
	GlobalSection(ProjectConfigurationPlatforms) = postSolution
		{44E2C9A5-21AB-497E-B6EA-9803D32F646A}.Debug|Any CPU.ActiveCfg = Debug|Any CPU
		{44E2C9A5-21AB-497E-B6EA-9803D32F646A}.Debug|Any CPU.Build.0 = Debug|Any CPU
		{44E2C9A5-21AB-497E-B6EA-9803D32F646A}.Release|Any CPU.ActiveCfg = Release|Any CPU
		{44E2C9A5-21AB-497E-B6EA-9803D32F646A}.Release|Any CPU.Build.0 = Release|Any CPU
		{F00DE6E5-D5E4-4D74-8ECE-51750666BB2D}.Debug|Any CPU.ActiveCfg = Debug|Any CPU
		{F00DE6E5-D5E4-4D74-8ECE-51750666BB2D}.Debug|Any CPU.Build.0 = Debug|Any CPU
		{F00DE6E5-D5E4-4D74-8ECE-51750666BB2D}.Release|Any CPU.ActiveCfg = Release|Any CPU
		{F00DE6E5-D5E4-4D74-8ECE-51750666BB2D}.Release|Any CPU.Build.0 = Release|Any CPU
	EndGlobalSection
	GlobalSection(SolutionProperties) = preSolution
		HideSolutionNode = FALSE
	EndGlobalSection
	GlobalSection(ExtensibilityGlobals) = postSolution
		SolutionGuid = {1A98B090-CAA4-45D6-A9E1-480480490A4F}
	EndGlobalSection
EndGlobal
